
Microsoft Visual Studio Solution File, Format Version 12.00
# Visual Studio Version 17
VisualStudioVersion = 17.0.31903.59
MinimumVisualStudioVersion = 10.0.40219.1
Project("{FAE04EC0-301F-11D3-BF4B-00C04F79EFBC}") = "Geometry", "Geometry\Geometry.csproj", "{2C93A49F-226F-4CC6-BAE8-B2B39DBEC4C1}"
EndProject
Project("{FAE04EC0-301F-11D3-BF4B-00C04F79EFBC}") = "GeometryTest", "GeometryTest\GeometryTest.csproj", "{0C336D08-B017-4DA4-A9DA-795B562FB391}"
EndProject
Global
	GlobalSection(SolutionConfigurationPlatforms) = preSolution
		Debug|Any CPU = Debug|Any CPU
		Release|Any CPU = Release|Any CPU
	EndGlobalSection
	GlobalSection(SolutionProperties) = preSolution
		HideSolutionNode = FALSE
	EndGlobalSection
	GlobalSection(ProjectConfigurationPlatforms) = postSolution
		{2C93A49F-226F-4CC6-BAE8-B2B39DBEC4C1}.Debug|Any CPU.ActiveCfg = Debug|Any CPU
		{2C93A49F-226F-4CC6-BAE8-B2B39DBEC4C1}.Debug|Any CPU.Build.0 = Debug|Any CPU
		{2C93A49F-226F-4CC6-BAE8-B2B39DBEC4C1}.Release|Any CPU.ActiveCfg = Release|Any CPU
		{2C93A49F-226F-4CC6-BAE8-B2B39DBEC4C1}.Release|Any CPU.Build.0 = Release|Any CPU
		{0C336D08-B017-4DA4-A9DA-795B562FB391}.Debug|Any CPU.ActiveCfg = Debug|Any CPU
		{0C336D08-B017-4DA4-A9DA-795B562FB391}.Debug|Any CPU.Build.0 = Debug|Any CPU
		{0C336D08-B017-4DA4-A9DA-795B562FB391}.Release|Any CPU.ActiveCfg = Release|Any CPU
		{0C336D08-B017-4DA4-A9DA-795B562FB391}.Release|Any CPU.Build.0 = Release|Any CPU
	EndGlobalSection
EndGlobal
